
Microsoft Visual Studio Solution File, Format Version 12.00
# Visual Studio Version 17
VisualStudioVersion = 17.0.31903.59
MinimumVisualStudioVersion = 10.0.40219.1
Project("{FAE04EC0-301F-11D3-BF4B-00C04F79EFBC}") = "ReadyM.Api", "ReadyM.Api\ReadyM.Api.csproj", "{65CFA201-DD3C-4551-8A32-B71B94C4C639}"
EndProject
Project("{2150E333-8FDC-42A3-9474-1A3956D46DE8}") = "LiteNetLib", "LiteNetLib", "{3E548204-D816-4E32-E26B-C5C20E34279B}"
EndProject
Project("{FAE04EC0-301F-11D3-BF4B-00C04F79EFBC}") = "LiteNetLib", "LiteNetLib\LiteNetLib\LiteNetLib.csproj", "{9A55FC5D-0580-4646-BD2D-8699D31E1C4C}"
EndProject
Project("{2150E333-8FDC-42A3-9474-1A3956D46DE8}") = "Friflo ECS", "Friflo ECS", "{CDFB6B07-5FA8-44EC-8FED-D4B52C39AA15}"
EndProject
Project("{FAE04EC0-301F-11D3-BF4B-00C04F79EFBC}") = "Friflo.Engine.ECS", "Friflo.Engine.ECS\src\ECS\Friflo.Engine.ECS.csproj", "{BC54001A-2E7A-4006-B648-217C255F5E80}"
EndProject
Project("{FAE04EC0-301F-11D3-BF4B-00C04F79EFBC}") = "Friflo.Engine.ECS.Boost", "Friflo.Engine.ECS\src\ECS.Boost\Friflo.Engine.ECS.Boost.csproj", "{D8BC8137-C127-44F8-BE40-06298778CC75}"
EndProject
Project("{2150E333-8FDC-42A3-9474-1A3956D46DE8}") = "YooniCSharp", "YooniCSharp", "{4EA0CF74-09A7-B9A2-9DE7-E64BBB0FE5E7}"
EndProject
Project("{FAE04EC0-301F-11D3-BF4B-00C04F79EFBC}") = "Yooni.Native.Container", "YooniCSharp\Native\Container\Yooni.Native.Container.csproj", "{86791EDE-233B-416D-9728-0D354A7B58B9}"
EndProject
Project("{FAE04EC0-301F-11D3-BF4B-00C04F79EFBC}") = "Yooni.Native.LowLevel", "YooniCSharp\Native\LowLevel\Yooni.Native.LowLevel.csproj", "{7D52911F-0B5B-4BE9-B1FE-E52F2A6360FF}"
EndProject
Project("{FAE04EC0-301F-11D3-BF4B-00C04F79EFBC}") = "Yooni.Native.Serialization", "YooniCSharp\Native\Serialization\Yooni.Native.Serialization.csproj", "{4167BBF7-20BD-495C-9C67-5CBC8B5985E3}"
EndProject
Project("{FAE04EC0-301F-11D3-BF4B-00C04F79EFBC}") = "ReadyM.Api.Generators", "ReadyM.Api.Generators\ReadyM.Api.Generators.csproj", "{EA31CFEA-D2B8-45C3-8388-2B91AB52089D}"
EndProject
Project("{FAE04EC0-301F-11D3-BF4B-00C04F79EFBC}") = "ReadyM.Api.Tests", "ReadyM.Api.Tests\ReadyM.Api.Tests.csproj", "{4A2F2F97-8AB1-431E-B3B2-6E26230CB73B}"
EndProject
Project("{FAE04EC0-301F-11D3-BF4B-00C04F79EFBC}") = "ReadyM.Api.Multiplayer", "ReadyM.Api.Multiplayer\ReadyM.Api.Multiplayer.csproj", "{9783BE39-AD6D-4330-B7EE-30F3F2CD389F}"
EndProject
Project("{FAE04EC0-301F-11D3-BF4B-00C04F79EFBC}") = "ReadyM.Api.Generators.Tests", "ReadyM.Api.Generators.Tests\ReadyM.Api.Generators.Tests.csproj", "{C7AB28D7-2089-4F44-BCD1-B570F758A27E}"
EndProject
Project("{FAE04EC0-301F-11D3-BF4B-00C04F79EFBC}") = "ReadyM.Relay.Client", "ReadyM.Relay.Client\ReadyM.Relay.Client.csproj", "{A8E04B6B-2F81-44FF-8166-6053636A55C3}"
EndProject
Project("{FAE04EC0-301F-11D3-BF4B-00C04F79EFBC}") = "ReadyM.Relay.Server.Sdk", "ReadyM.Relay.Server.Sdk\ReadyM.Relay.Server.Sdk.csproj", "{B29187A3-5F40-4B87-9ED7-83354819ED53}"
EndProject
Project("{FAE04EC0-301F-11D3-BF4B-00C04F79EFBC}") = "Yooni.Native.Container.Tests", "YooniCSharp\Native\Container\Tests\Yooni.Native.Container.Tests.csproj", "{0CBD6EDF-1A67-46E9-BB4A-C867C6CE3970}"
EndProject
Project("{2150E333-8FDC-42A3-9474-1A3956D46DE8}") = "Tests", "Tests", "{D2060681-DAA5-F463-BEF1-BA6F89F9F796}"
EndProject
Project("{FAE04EC0-301F-11D3-BF4B-00C04F79EFBC}") = "Yooni.Native.Serialization.Tests", "YooniCSharp\Native\Serialization\Tests\Yooni.Native.Serialization.Tests.csproj", "{C9812653-0AEB-44E7-9CED-7AA24E51BDAD}"
EndProject
Project("{2150E333-8FDC-42A3-9474-1A3956D46DE8}") = "Tests", "Tests", "{E2EC7F5A-102E-41D9-9F6B-2C533D72BEE8}"
EndProject
Global
	GlobalSection(SolutionConfigurationPlatforms) = preSolution
		Debug|Any CPU = Debug|Any CPU
		Debug|x64 = Debug|x64
		Debug|x86 = Debug|x86
		Release|Any CPU = Release|Any CPU
		Release|x64 = Release|x64
		Release|x86 = Release|x86
	EndGlobalSection
	GlobalSection(ProjectConfigurationPlatforms) = postSolution
		{65CFA201-DD3C-4551-8A32-B71B94C4C639}.Debug|Any CPU.ActiveCfg = Debug|Any CPU
		{65CFA201-DD3C-4551-8A32-B71B94C4C639}.Debug|Any CPU.Build.0 = Debug|Any CPU
		{65CFA201-DD3C-4551-8A32-B71B94C4C639}.Debug|x64.ActiveCfg = Debug|Any CPU
		{65CFA201-DD3C-4551-8A32-B71B94C4C639}.Debug|x64.Build.0 = Debug|Any CPU
		{65CFA201-DD3C-4551-8A32-B71B94C4C639}.Debug|x86.ActiveCfg = Debug|Any CPU
		{65CFA201-DD3C-4551-8A32-B71B94C4C639}.Debug|x86.Build.0 = Debug|Any CPU
		{65CFA201-DD3C-4551-8A32-B71B94C4C639}.Release|Any CPU.ActiveCfg = Release|Any CPU
		{65CFA201-DD3C-4551-8A32-B71B94C4C639}.Release|Any CPU.Build.0 = Release|Any CPU
		{65CFA201-DD3C-4551-8A32-B71B94C4C639}.Release|x64.ActiveCfg = Release|Any CPU
		{65CFA201-DD3C-4551-8A32-B71B94C4C639}.Release|x64.Build.0 = Release|Any CPU
		{65CFA201-DD3C-4551-8A32-B71B94C4C639}.Release|x86.ActiveCfg = Release|Any CPU
		{65CFA201-DD3C-4551-8A32-B71B94C4C639}.Release|x86.Build.0 = Release|Any CPU
		{9A55FC5D-0580-4646-BD2D-8699D31E1C4C}.Debug|Any CPU.ActiveCfg = Debug|Any CPU
		{9A55FC5D-0580-4646-BD2D-8699D31E1C4C}.Debug|Any CPU.Build.0 = Debug|Any CPU
		{9A55FC5D-0580-4646-BD2D-8699D31E1C4C}.Debug|x64.ActiveCfg = Debug|Any CPU
		{9A55FC5D-0580-4646-BD2D-8699D31E1C4C}.Debug|x64.Build.0 = Debug|Any CPU
		{9A55FC5D-0580-4646-BD2D-8699D31E1C4C}.Debug|x86.ActiveCfg = Debug|Any CPU
		{9A55FC5D-0580-4646-BD2D-8699D31E1C4C}.Debug|x86.Build.0 = Debug|Any CPU
		{9A55FC5D-0580-4646-BD2D-8699D31E1C4C}.Release|Any CPU.ActiveCfg = Release|Any CPU
		{9A55FC5D-0580-4646-BD2D-8699D31E1C4C}.Release|Any CPU.Build.0 = Release|Any CPU
		{9A55FC5D-0580-4646-BD2D-8699D31E1C4C}.Release|x64.ActiveCfg = Release|Any CPU
		{9A55FC5D-0580-4646-BD2D-8699D31E1C4C}.Release|x64.Build.0 = Release|Any CPU
		{9A55FC5D-0580-4646-BD2D-8699D31E1C4C}.Release|x86.ActiveCfg = Release|Any CPU
		{9A55FC5D-0580-4646-BD2D-8699D31E1C4C}.Release|x86.Build.0 = Release|Any CPU
		{BC54001A-2E7A-4006-B648-217C255F5E80}.Debug|Any CPU.ActiveCfg = Debug|Any CPU
		{BC54001A-2E7A-4006-B648-217C255F5E80}.Debug|Any CPU.Build.0 = Debug|Any CPU
		{BC54001A-2E7A-4006-B648-217C255F5E80}.Debug|x64.ActiveCfg = Debug|Any CPU
		{BC54001A-2E7A-4006-B648-217C255F5E80}.Debug|x64.Build.0 = Debug|Any CPU
		{BC54001A-2E7A-4006-B648-217C255F5E80}.Debug|x86.ActiveCfg = Debug|Any CPU
		{BC54001A-2E7A-4006-B648-217C255F5E80}.Debug|x86.Build.0 = Debug|Any CPU
		{BC54001A-2E7A-4006-B648-217C255F5E80}.Release|Any CPU.ActiveCfg = Release|Any CPU
		{BC54001A-2E7A-4006-B648-217C255F5E80}.Release|Any CPU.Build.0 = Release|Any CPU
		{BC54001A-2E7A-4006-B648-217C255F5E80}.Release|x64.ActiveCfg = Release|Any CPU
		{BC54001A-2E7A-4006-B648-217C255F5E80}.Release|x64.Build.0 = Release|Any CPU
		{BC54001A-2E7A-4006-B648-217C255F5E80}.Release|x86.ActiveCfg = Release|Any CPU
		{BC54001A-2E7A-4006-B648-217C255F5E80}.Release|x86.Build.0 = Release|Any CPU
		{D8BC8137-C127-44F8-BE40-06298778CC75}.Debug|Any CPU.ActiveCfg = Debug|Any CPU
		{D8BC8137-C127-44F8-BE40-06298778CC75}.Debug|Any CPU.Build.0 = Debug|Any CPU
		{D8BC8137-C127-44F8-BE40-06298778CC75}.Debug|x64.ActiveCfg = Debug|Any CPU
		{D8BC8137-C127-44F8-BE40-06298778CC75}.Debug|x64.Build.0 = Debug|Any CPU
		{D8BC8137-C127-44F8-BE40-06298778CC75}.Debug|x86.ActiveCfg = Debug|Any CPU
		{D8BC8137-C127-44F8-BE40-06298778CC75}.Debug|x86.Build.0 = Debug|Any CPU
		{D8BC8137-C127-44F8-BE40-06298778CC75}.Release|Any CPU.ActiveCfg = Release|Any CPU
		{D8BC8137-C127-44F8-BE40-06298778CC75}.Release|Any CPU.Build.0 = Release|Any CPU
		{D8BC8137-C127-44F8-BE40-06298778CC75}.Release|x64.ActiveCfg = Release|Any CPU
		{D8BC8137-C127-44F8-BE40-06298778CC75}.Release|x64.Build.0 = Release|Any CPU
		{D8BC8137-C127-44F8-BE40-06298778CC75}.Release|x86.ActiveCfg = Release|Any CPU
		{D8BC8137-C127-44F8-BE40-06298778CC75}.Release|x86.Build.0 = Release|Any CPU
		{86791EDE-233B-416D-9728-0D354A7B58B9}.Debug|Any CPU.ActiveCfg = Debug|Any CPU
		{86791EDE-233B-416D-9728-0D354A7B58B9}.Debug|Any CPU.Build.0 = Debug|Any CPU
		{86791EDE-233B-416D-9728-0D354A7B58B9}.Debug|x64.ActiveCfg = Debug|Any CPU
		{86791EDE-233B-416D-9728-0D354A7B58B9}.Debug|x64.Build.0 = Debug|Any CPU
		{86791EDE-233B-416D-9728-0D354A7B58B9}.Debug|x86.ActiveCfg = Debug|Any CPU
		{86791EDE-233B-416D-9728-0D354A7B58B9}.Debug|x86.Build.0 = Debug|Any CPU
		{86791EDE-233B-416D-9728-0D354A7B58B9}.Release|Any CPU.ActiveCfg = Release|Any CPU
		{86791EDE-233B-416D-9728-0D354A7B58B9}.Release|Any CPU.Build.0 = Release|Any CPU
		{86791EDE-233B-416D-9728-0D354A7B58B9}.Release|x64.ActiveCfg = Release|Any CPU
		{86791EDE-233B-416D-9728-0D354A7B58B9}.Release|x64.Build.0 = Release|Any CPU
		{86791EDE-233B-416D-9728-0D354A7B58B9}.Release|x86.ActiveCfg = Release|Any CPU
		{86791EDE-233B-416D-9728-0D354A7B58B9}.Release|x86.Build.0 = Release|Any CPU
		{7D52911F-0B5B-4BE9-B1FE-E52F2A6360FF}.Debug|Any CPU.ActiveCfg = Debug|Any CPU
		{7D52911F-0B5B-4BE9-B1FE-E52F2A6360FF}.Debug|Any CPU.Build.0 = Debug|Any CPU
		{7D52911F-0B5B-4BE9-B1FE-E52F2A6360FF}.Debug|x64.ActiveCfg = Debug|Any CPU
		{7D52911F-0B5B-4BE9-B1FE-E52F2A6360FF}.Debug|x64.Build.0 = Debug|Any CPU
		{7D52911F-0B5B-4BE9-B1FE-E52F2A6360FF}.Debug|x86.ActiveCfg = Debug|Any CPU
		{7D52911F-0B5B-4BE9-B1FE-E52F2A6360FF}.Debug|x86.Build.0 = Debug|Any CPU
		{7D52911F-0B5B-4BE9-B1FE-E52F2A6360FF}.Release|Any CPU.ActiveCfg = Release|Any CPU
		{7D52911F-0B5B-4BE9-B1FE-E52F2A6360FF}.Release|Any CPU.Build.0 = Release|Any CPU
		{7D52911F-0B5B-4BE9-B1FE-E52F2A6360FF}.Release|x64.ActiveCfg = Release|Any CPU
		{7D52911F-0B5B-4BE9-B1FE-E52F2A6360FF}.Release|x64.Build.0 = Release|Any CPU
		{7D52911F-0B5B-4BE9-B1FE-E52F2A6360FF}.Release|x86.ActiveCfg = Release|Any CPU
		{7D52911F-0B5B-4BE9-B1FE-E52F2A6360FF}.Release|x86.Build.0 = Release|Any CPU
		{4167BBF7-20BD-495C-9C67-5CBC8B5985E3}.Debug|Any CPU.ActiveCfg = Debug|Any CPU
		{4167BBF7-20BD-495C-9C67-5CBC8B5985E3}.Debug|Any CPU.Build.0 = Debug|Any CPU
		{4167BBF7-20BD-495C-9C67-5CBC8B5985E3}.Debug|x64.ActiveCfg = Debug|Any CPU
		{4167BBF7-20BD-495C-9C67-5CBC8B5985E3}.Debug|x64.Build.0 = Debug|Any CPU
		{4167BBF7-20BD-495C-9C67-5CBC8B5985E3}.Debug|x86.ActiveCfg = Debug|Any CPU
		{4167BBF7-20BD-495C-9C67-5CBC8B5985E3}.Debug|x86.Build.0 = Debug|Any CPU
		{4167BBF7-20BD-495C-9C67-5CBC8B5985E3}.Release|Any CPU.ActiveCfg = Release|Any CPU
		{4167BBF7-20BD-495C-9C67-5CBC8B5985E3}.Release|Any CPU.Build.0 = Release|Any CPU
		{4167BBF7-20BD-495C-9C67-5CBC8B5985E3}.Release|x64.ActiveCfg = Release|Any CPU
		{4167BBF7-20BD-495C-9C67-5CBC8B5985E3}.Release|x64.Build.0 = Release|Any CPU
		{4167BBF7-20BD-495C-9C67-5CBC8B5985E3}.Release|x86.ActiveCfg = Release|Any CPU
		{4167BBF7-20BD-495C-9C67-5CBC8B5985E3}.Release|x86.Build.0 = Release|Any CPU
		{EA31CFEA-D2B8-45C3-8388-2B91AB52089D}.Debug|Any CPU.ActiveCfg = Debug|Any CPU
		{EA31CFEA-D2B8-45C3-8388-2B91AB52089D}.Debug|Any CPU.Build.0 = Debug|Any CPU
		{EA31CFEA-D2B8-45C3-8388-2B91AB52089D}.Debug|x64.ActiveCfg = Debug|Any CPU
		{EA31CFEA-D2B8-45C3-8388-2B91AB52089D}.Debug|x64.Build.0 = Debug|Any CPU
		{EA31CFEA-D2B8-45C3-8388-2B91AB52089D}.Debug|x86.ActiveCfg = Debug|Any CPU
		{EA31CFEA-D2B8-45C3-8388-2B91AB52089D}.Debug|x86.Build.0 = Debug|Any CPU
		{EA31CFEA-D2B8-45C3-8388-2B91AB52089D}.Release|Any CPU.ActiveCfg = Release|Any CPU
		{EA31CFEA-D2B8-45C3-8388-2B91AB52089D}.Release|Any CPU.Build.0 = Release|Any CPU
		{EA31CFEA-D2B8-45C3-8388-2B91AB52089D}.Release|x64.ActiveCfg = Release|Any CPU
		{EA31CFEA-D2B8-45C3-8388-2B91AB52089D}.Release|x64.Build.0 = Release|Any CPU
		{EA31CFEA-D2B8-45C3-8388-2B91AB52089D}.Release|x86.ActiveCfg = Release|Any CPU
		{EA31CFEA-D2B8-45C3-8388-2B91AB52089D}.Release|x86.Build.0 = Release|Any CPU
		{4A2F2F97-8AB1-431E-B3B2-6E26230CB73B}.Debug|Any CPU.ActiveCfg = Debug|Any CPU
		{4A2F2F97-8AB1-431E-B3B2-6E26230CB73B}.Debug|Any CPU.Build.0 = Debug|Any CPU
		{4A2F2F97-8AB1-431E-B3B2-6E26230CB73B}.Debug|x64.ActiveCfg = Debug|Any CPU
		{4A2F2F97-8AB1-431E-B3B2-6E26230CB73B}.Debug|x64.Build.0 = Debug|Any CPU
		{4A2F2F97-8AB1-431E-B3B2-6E26230CB73B}.Debug|x86.ActiveCfg = Debug|Any CPU
		{4A2F2F97-8AB1-431E-B3B2-6E26230CB73B}.Debug|x86.Build.0 = Debug|Any CPU
		{4A2F2F97-8AB1-431E-B3B2-6E26230CB73B}.Release|Any CPU.ActiveCfg = Release|Any CPU
		{4A2F2F97-8AB1-431E-B3B2-6E26230CB73B}.Release|Any CPU.Build.0 = Release|Any CPU
		{4A2F2F97-8AB1-431E-B3B2-6E26230CB73B}.Release|x64.ActiveCfg = Release|Any CPU
		{4A2F2F97-8AB1-431E-B3B2-6E26230CB73B}.Release|x64.Build.0 = Release|Any CPU
		{4A2F2F97-8AB1-431E-B3B2-6E26230CB73B}.Release|x86.ActiveCfg = Release|Any CPU
		{4A2F2F97-8AB1-431E-B3B2-6E26230CB73B}.Release|x86.Build.0 = Release|Any CPU
		{9783BE39-AD6D-4330-B7EE-30F3F2CD389F}.Debug|Any CPU.ActiveCfg = Debug|Any CPU
		{9783BE39-AD6D-4330-B7EE-30F3F2CD389F}.Debug|Any CPU.Build.0 = Debug|Any CPU
		{9783BE39-AD6D-4330-B7EE-30F3F2CD389F}.Debug|x64.ActiveCfg = Debug|Any CPU
		{9783BE39-AD6D-4330-B7EE-30F3F2CD389F}.Debug|x64.Build.0 = Debug|Any CPU
		{9783BE39-AD6D-4330-B7EE-30F3F2CD389F}.Debug|x86.ActiveCfg = Debug|Any CPU
		{9783BE39-AD6D-4330-B7EE-30F3F2CD389F}.Debug|x86.Build.0 = Debug|Any CPU
		{9783BE39-AD6D-4330-B7EE-30F3F2CD389F}.Release|Any CPU.ActiveCfg = Release|Any CPU
		{9783BE39-AD6D-4330-B7EE-30F3F2CD389F}.Release|Any CPU.Build.0 = Release|Any CPU
		{9783BE39-AD6D-4330-B7EE-30F3F2CD389F}.Release|x64.ActiveCfg = Release|Any CPU
		{9783BE39-AD6D-4330-B7EE-30F3F2CD389F}.Release|x64.Build.0 = Release|Any CPU
		{9783BE39-AD6D-4330-B7EE-30F3F2CD389F}.Release|x86.ActiveCfg = Release|Any CPU
		{9783BE39-AD6D-4330-B7EE-30F3F2CD389F}.Release|x86.Build.0 = Release|Any CPU
		{C7AB28D7-2089-4F44-BCD1-B570F758A27E}.Debug|Any CPU.ActiveCfg = Debug|Any CPU
		{C7AB28D7-2089-4F44-BCD1-B570F758A27E}.Debug|Any CPU.Build.0 = Debug|Any CPU
		{C7AB28D7-2089-4F44-BCD1-B570F758A27E}.Debug|x64.ActiveCfg = Debug|Any CPU
		{C7AB28D7-2089-4F44-BCD1-B570F758A27E}.Debug|x64.Build.0 = Debug|Any CPU
		{C7AB28D7-2089-4F44-BCD1-B570F758A27E}.Debug|x86.ActiveCfg = Debug|Any CPU
		{C7AB28D7-2089-4F44-BCD1-B570F758A27E}.Debug|x86.Build.0 = Debug|Any CPU
		{C7AB28D7-2089-4F44-BCD1-B570F758A27E}.Release|Any CPU.ActiveCfg = Release|Any CPU
		{C7AB28D7-2089-4F44-BCD1-B570F758A27E}.Release|Any CPU.Build.0 = Release|Any CPU
		{C7AB28D7-2089-4F44-BCD1-B570F758A27E}.Release|x64.ActiveCfg = Release|Any CPU
		{C7AB28D7-2089-4F44-BCD1-B570F758A27E}.Release|x64.Build.0 = Release|Any CPU
		{C7AB28D7-2089-4F44-BCD1-B570F758A27E}.Release|x86.ActiveCfg = Release|Any CPU
		{C7AB28D7-2089-4F44-BCD1-B570F758A27E}.Release|x86.Build.0 = Release|Any CPU
		{A8E04B6B-2F81-44FF-8166-6053636A55C3}.Debug|Any CPU.ActiveCfg = Debug|Any CPU
		{A8E04B6B-2F81-44FF-8166-6053636A55C3}.Debug|Any CPU.Build.0 = Debug|Any CPU
		{A8E04B6B-2F81-44FF-8166-6053636A55C3}.Debug|x64.ActiveCfg = Debug|Any CPU
		{A8E04B6B-2F81-44FF-8166-6053636A55C3}.Debug|x64.Build.0 = Debug|Any CPU
		{A8E04B6B-2F81-44FF-8166-6053636A55C3}.Debug|x86.ActiveCfg = Debug|Any CPU
		{A8E04B6B-2F81-44FF-8166-6053636A55C3}.Debug|x86.Build.0 = Debug|Any CPU
		{A8E04B6B-2F81-44FF-8166-6053636A55C3}.Release|Any CPU.ActiveCfg = Release|Any CPU
		{A8E04B6B-2F81-44FF-8166-6053636A55C3}.Release|Any CPU.Build.0 = Release|Any CPU
		{A8E04B6B-2F81-44FF-8166-6053636A55C3}.Release|x64.ActiveCfg = Release|Any CPU
		{A8E04B6B-2F81-44FF-8166-6053636A55C3}.Release|x64.Build.0 = Release|Any CPU
		{A8E04B6B-2F81-44FF-8166-6053636A55C3}.Release|x86.ActiveCfg = Release|Any CPU
		{A8E04B6B-2F81-44FF-8166-6053636A55C3}.Release|x86.Build.0 = Release|Any CPU
		{B29187A3-5F40-4B87-9ED7-83354819ED53}.Debug|Any CPU.ActiveCfg = Debug|Any CPU
		{B29187A3-5F40-4B87-9ED7-83354819ED53}.Debug|Any CPU.Build.0 = Debug|Any CPU
		{B29187A3-5F40-4B87-9ED7-83354819ED53}.Debug|x64.ActiveCfg = Debug|Any CPU
		{B29187A3-5F40-4B87-9ED7-83354819ED53}.Debug|x64.Build.0 = Debug|Any CPU
		{B29187A3-5F40-4B87-9ED7-83354819ED53}.Debug|x86.ActiveCfg = Debug|Any CPU
		{B29187A3-5F40-4B87-9ED7-83354819ED53}.Debug|x86.Build.0 = Debug|Any CPU
		{B29187A3-5F40-4B87-9ED7-83354819ED53}.Release|Any CPU.ActiveCfg = Release|Any CPU
		{B29187A3-5F40-4B87-9ED7-83354819ED53}.Release|Any CPU.Build.0 = Release|Any CPU
		{B29187A3-5F40-4B87-9ED7-83354819ED53}.Release|x64.ActiveCfg = Release|Any CPU
		{B29187A3-5F40-4B87-9ED7-83354819ED53}.Release|x64.Build.0 = Release|Any CPU
		{B29187A3-5F40-4B87-9ED7-83354819ED53}.Release|x86.ActiveCfg = Release|Any CPU
		{B29187A3-5F40-4B87-9ED7-83354819ED53}.Release|x86.Build.0 = Release|Any CPU
		{0CBD6EDF-1A67-46E9-BB4A-C867C6CE3970}.Debug|Any CPU.ActiveCfg = Debug|Any CPU
		{0CBD6EDF-1A67-46E9-BB4A-C867C6CE3970}.Debug|Any CPU.Build.0 = Debug|Any CPU
		{0CBD6EDF-1A67-46E9-BB4A-C867C6CE3970}.Debug|x64.ActiveCfg = Debug|Any CPU
		{0CBD6EDF-1A67-46E9-BB4A-C867C6CE3970}.Debug|x64.Build.0 = Debug|Any CPU
		{0CBD6EDF-1A67-46E9-BB4A-C867C6CE3970}.Debug|x86.ActiveCfg = Debug|Any CPU
		{0CBD6EDF-1A67-46E9-BB4A-C867C6CE3970}.Debug|x86.Build.0 = Debug|Any CPU
		{0CBD6EDF-1A67-46E9-BB4A-C867C6CE3970}.Release|Any CPU.ActiveCfg = Release|Any CPU
		{0CBD6EDF-1A67-46E9-BB4A-C867C6CE3970}.Release|Any CPU.Build.0 = Release|Any CPU
		{0CBD6EDF-1A67-46E9-BB4A-C867C6CE3970}.Release|x64.ActiveCfg = Release|Any CPU
		{0CBD6EDF-1A67-46E9-BB4A-C867C6CE3970}.Release|x64.Build.0 = Release|Any CPU
		{0CBD6EDF-1A67-46E9-BB4A-C867C6CE3970}.Release|x86.ActiveCfg = Release|Any CPU
		{0CBD6EDF-1A67-46E9-BB4A-C867C6CE3970}.Release|x86.Build.0 = Release|Any CPU
		{C9812653-0AEB-44E7-9CED-7AA24E51BDAD}.Debug|Any CPU.ActiveCfg = Debug|Any CPU
		{C9812653-0AEB-44E7-9CED-7AA24E51BDAD}.Debug|Any CPU.Build.0 = Debug|Any CPU
		{C9812653-0AEB-44E7-9CED-7AA24E51BDAD}.Debug|x64.ActiveCfg = Debug|Any CPU
		{C9812653-0AEB-44E7-9CED-7AA24E51BDAD}.Debug|x64.Build.0 = Debug|Any CPU
		{C9812653-0AEB-44E7-9CED-7AA24E51BDAD}.Debug|x86.ActiveCfg = Debug|Any CPU
		{C9812653-0AEB-44E7-9CED-7AA24E51BDAD}.Debug|x86.Build.0 = Debug|Any CPU
		{C9812653-0AEB-44E7-9CED-7AA24E51BDAD}.Release|Any CPU.ActiveCfg = Release|Any CPU
		{C9812653-0AEB-44E7-9CED-7AA24E51BDAD}.Release|Any CPU.Build.0 = Release|Any CPU
		{C9812653-0AEB-44E7-9CED-7AA24E51BDAD}.Release|x64.ActiveCfg = Release|Any CPU
		{C9812653-0AEB-44E7-9CED-7AA24E51BDAD}.Release|x64.Build.0 = Release|Any CPU
		{C9812653-0AEB-44E7-9CED-7AA24E51BDAD}.Release|x86.ActiveCfg = Release|Any CPU
		{C9812653-0AEB-44E7-9CED-7AA24E51BDAD}.Release|x86.Build.0 = Release|Any CPU
	EndGlobalSection
	GlobalSection(SolutionProperties) = preSolution
		HideSolutionNode = FALSE
	EndGlobalSection
	GlobalSection(NestedProjects) = preSolution
		{9A55FC5D-0580-4646-BD2D-8699D31E1C4C} = {3E548204-D816-4E32-E26B-C5C20E34279B}
		{C9812653-0AEB-44E7-9CED-7AA24E51BDAD} = {D2060681-DAA5-F463-BEF1-BA6F89F9F796}
		{86791EDE-233B-416D-9728-0D354A7B58B9} = {4EA0CF74-09A7-B9A2-9DE7-E64BBB0FE5E7}
		{4167BBF7-20BD-495C-9C67-5CBC8B5985E3} = {4EA0CF74-09A7-B9A2-9DE7-E64BBB0FE5E7}
		{7D52911F-0B5B-4BE9-B1FE-E52F2A6360FF} = {4EA0CF74-09A7-B9A2-9DE7-E64BBB0FE5E7}
		{0CBD6EDF-1A67-46E9-BB4A-C867C6CE3970} = {D2060681-DAA5-F463-BEF1-BA6F89F9F796}
		{D2060681-DAA5-F463-BEF1-BA6F89F9F796} = {4EA0CF74-09A7-B9A2-9DE7-E64BBB0FE5E7}
		{BC54001A-2E7A-4006-B648-217C255F5E80} = {CDFB6B07-5FA8-44EC-8FED-D4B52C39AA15}
		{D8BC8137-C127-44F8-BE40-06298778CC75} = {CDFB6B07-5FA8-44EC-8FED-D4B52C39AA15}
		{C7AB28D7-2089-4F44-BCD1-B570F758A27E} = {E2EC7F5A-102E-41D9-9F6B-2C533D72BEE8}
		{4A2F2F97-8AB1-431E-B3B2-6E26230CB73B} = {E2EC7F5A-102E-41D9-9F6B-2C533D72BEE8}
	EndGlobalSection
EndGlobal
